
Microsoft Visual Studio Solution File, Format Version 12.00
# Visual Studio Version 17
VisualStudioVersion = 17.6.33801.468
MinimumVisualStudioVersion = 10.0.40219.1
Project("{FAE04EC0-301F-11D3-BF4B-00C04F79EFBC}") = "SimArquivosUnix", "SimArquivosUnix\SimArquivosUnix.csproj", "{19975B2E-4E94-462D-88ED-108CC92AC549}"
EndProject
Global
	GlobalSection(SolutionConfigurationPlatforms) = preSolution
		Debug|Any CPU = Debug|Any CPU
		Release|Any CPU = Release|Any CPU
	EndGlobalSection
	GlobalSection(ProjectConfigurationPlatforms) = postSolution
		{19975B2E-4E94-462D-88ED-108CC92AC549}.Debug|Any CPU.ActiveCfg = Debug|Any CPU
		{19975B2E-4E94-462D-88ED-108CC92AC549}.Debug|Any CPU.Build.0 = Debug|Any CPU
		{19975B2E-4E94-462D-88ED-108CC92AC549}.Release|Any CPU.ActiveCfg = Release|Any CPU
		{19975B2E-4E94-462D-88ED-108CC92AC549}.Release|Any CPU.Build.0 = Release|Any CPU
	EndGlobalSection
	GlobalSection(SolutionProperties) = preSolution
		HideSolutionNode = FALSE
	EndGlobalSection
	GlobalSection(ExtensibilityGlobals) = postSolution
		SolutionGuid = {BF819B68-1CF2-4892-8A6A-694E36120252}
	EndGlobalSection
EndGlobal
